
Microsoft Visual Studio Solution File, Format Version 12.00
# Visual Studio Version 17
VisualStudioVersion = 17.6.33801.468
MinimumVisualStudioVersion = 10.0.40219.1
Project("{FAE04EC0-301F-11D3-BF4B-00C04F79EFBC}") = "JsonWebToken", "JsonWebToken\JsonWebToken.csproj", "{1A63A472-0540-45F3-AB0B-D627FAEE90D4}"
EndProject
Project("{FAE04EC0-301F-11D3-BF4B-00C04F79EFBC}") = "Entities", "Entities\Entities.csproj", "{143C80FF-8C12-4C8E-99AB-2187568D0661}"
EndProject
Project("{FAE04EC0-301F-11D3-BF4B-00C04F79EFBC}") = "Presentations", "Presentations\Presentations.csproj", "{07B778CE-DCBA-4170-8239-E88D3A4FC5F6}"
EndProject
Project("{FAE04EC0-301F-11D3-BF4B-00C04F79EFBC}") = "Service", "Service\Service.csproj", "{4D5C3E86-B88E-46EC-BBE9-1EF27913CFC4}"
EndProject
Project("{FAE04EC0-301F-11D3-BF4B-00C04F79EFBC}") = "Repository", "Repository\Repository.csproj", "{D006FD8B-8362-4F79-9BFD-3A1A9D1C3A2F}"
EndProject
Global
	GlobalSection(SolutionConfigurationPlatforms) = preSolution
		Debug|Any CPU = Debug|Any CPU
		Release|Any CPU = Release|Any CPU
	EndGlobalSection
	GlobalSection(ProjectConfigurationPlatforms) = postSolution
		{1A63A472-0540-45F3-AB0B-D627FAEE90D4}.Debug|Any CPU.ActiveCfg = Debug|Any CPU
		{1A63A472-0540-45F3-AB0B-D627FAEE90D4}.Debug|Any CPU.Build.0 = Debug|Any CPU
		{1A63A472-0540-45F3-AB0B-D627FAEE90D4}.Release|Any CPU.ActiveCfg = Release|Any CPU
		{1A63A472-0540-45F3-AB0B-D627FAEE90D4}.Release|Any CPU.Build.0 = Release|Any CPU
		{143C80FF-8C12-4C8E-99AB-2187568D0661}.Debug|Any CPU.ActiveCfg = Debug|Any CPU
		{143C80FF-8C12-4C8E-99AB-2187568D0661}.Debug|Any CPU.Build.0 = Debug|Any CPU
		{143C80FF-8C12-4C8E-99AB-2187568D0661}.Release|Any CPU.ActiveCfg = Release|Any CPU
		{143C80FF-8C12-4C8E-99AB-2187568D0661}.Release|Any CPU.Build.0 = Release|Any CPU
		{07B778CE-DCBA-4170-8239-E88D3A4FC5F6}.Debug|Any CPU.ActiveCfg = Debug|Any CPU
		{07B778CE-DCBA-4170-8239-E88D3A4FC5F6}.Debug|Any CPU.Build.0 = Debug|Any CPU
		{07B778CE-DCBA-4170-8239-E88D3A4FC5F6}.Release|Any CPU.ActiveCfg = Release|Any CPU
		{07B778CE-DCBA-4170-8239-E88D3A4FC5F6}.Release|Any CPU.Build.0 = Release|Any CPU
		{4D5C3E86-B88E-46EC-BBE9-1EF27913CFC4}.Debug|Any CPU.ActiveCfg = Debug|Any CPU
		{4D5C3E86-B88E-46EC-BBE9-1EF27913CFC4}.Debug|Any CPU.Build.0 = Debug|Any CPU
		{4D5C3E86-B88E-46EC-BBE9-1EF27913CFC4}.Release|Any CPU.ActiveCfg = Release|Any CPU
		{4D5C3E86-B88E-46EC-BBE9-1EF27913CFC4}.Release|Any CPU.Build.0 = Release|Any CPU
		{D006FD8B-8362-4F79-9BFD-3A1A9D1C3A2F}.Debug|Any CPU.ActiveCfg = Debug|Any CPU
		{D006FD8B-8362-4F79-9BFD-3A1A9D1C3A2F}.Debug|Any CPU.Build.0 = Debug|Any CPU
		{D006FD8B-8362-4F79-9BFD-3A1A9D1C3A2F}.Release|Any CPU.ActiveCfg = Release|Any CPU
		{D006FD8B-8362-4F79-9BFD-3A1A9D1C3A2F}.Release|Any CPU.Build.0 = Release|Any CPU
	EndGlobalSection
	GlobalSection(SolutionProperties) = preSolution
		HideSolutionNode = FALSE
	EndGlobalSection
	GlobalSection(ExtensibilityGlobals) = postSolution
		SolutionGuid = {2DB6E092-82FC-44A9-B232-C81682D1CBA8}
	EndGlobalSection
EndGlobal
